
Microsoft Visual Studio Solution File, Format Version 12.00
# Visual Studio Version 17
VisualStudioVersion = 17.13.35931.197
MinimumVisualStudioVersion = 10.0.40219.1
Project("{8BC9CEB8-8B4A-11D0-8D11-00A0C91BC942}") = "CheatLab", "src\CheatLab\CheatLab.vcxproj", "{47EA66AF-EDF0-4C76-988D-A8BA6CD4A94C}"
	ProjectSection(ProjectDependencies) = postProject
		{A4AB7382-2627-4C92-9F52-44ECD723880B} = {A4AB7382-2627-4C92-9F52-44ECD723880B}
	EndProjectSection
EndProject
Project("{8BC9CEB8-8B4A-11D0-8D11-00A0C91BC942}") = "WindowedMode", "src\WindowedMode\WindowedMode.vcxproj", "{8EA4E4B0-AF2E-4CE7-8426-35D479102389}"
	ProjectSection(ProjectDependencies) = postProject
		{A4AB7382-2627-4C92-9F52-44ECD723880B} = {A4AB7382-2627-4C92-9F52-44ECD723880B}
	EndProjectSection
EndProject
Project("{8BC9CEB8-8B4A-11D0-8D11-00A0C91BC942}") = "shared", "src\shared\shared.vcxproj", "{A4AB7382-2627-4C92-9F52-44ECD723880B}"
EndProject
Project("{8BC9CEB8-8B4A-11D0-8D11-00A0C91BC942}") = "Randomizer", "src\Randomizer\Randomizer.vcxproj", "{A0282E39-682D-462D-9CD2-44F0A400E673}"
	ProjectSection(ProjectDependencies) = postProject
		{3590F87A-267F-4C9E-A3EA-2DAFCCE6B355} = {3590F87A-267F-4C9E-A3EA-2DAFCCE6B355}
		{A4AB7382-2627-4C92-9F52-44ECD723880B} = {A4AB7382-2627-4C92-9F52-44ECD723880B}
	EndProjectSection
EndProject
Project("{8BC9CEB8-8B4A-11D0-8D11-00A0C91BC942}") = "json", "src\json\json.vcxproj", "{3590F87A-267F-4C9E-A3EA-2DAFCCE6B355}"
EndProject
Project("{8BC9CEB8-8B4A-11D0-8D11-00A0C91BC942}") = "ModLoader", "src\ModLoader\ModLoader.vcxproj", "{53AD47D4-E5FE-4F9A-9214-93744D57ADE4}"
	ProjectSection(ProjectDependencies) = postProject
		{A4AB7382-2627-4C92-9F52-44ECD723880B} = {A4AB7382-2627-4C92-9F52-44ECD723880B}
	EndProjectSection
EndProject
Project("{8BC9CEB8-8B4A-11D0-8D11-00A0C91BC942}") = "TreasureHunt", "TreasureHunt\TreasureHunt.vcxproj", "{4FD73A7C-47CB-4332-8FB8-32F7B57FA8F7}"
	ProjectSection(ProjectDependencies) = postProject
		{A4AB7382-2627-4C92-9F52-44ECD723880B} = {A4AB7382-2627-4C92-9F52-44ECD723880B}
	EndProjectSection
EndProject
Global
	GlobalSection(SolutionConfigurationPlatforms) = preSolution
		Debug|Win32 = Debug|Win32
		Release|Win32 = Release|Win32
	EndGlobalSection
	GlobalSection(ProjectConfigurationPlatforms) = postSolution
		{47EA66AF-EDF0-4C76-988D-A8BA6CD4A94C}.Debug|Win32.ActiveCfg = Debug|Win32
		{47EA66AF-EDF0-4C76-988D-A8BA6CD4A94C}.Debug|Win32.Build.0 = Debug|Win32
		{47EA66AF-EDF0-4C76-988D-A8BA6CD4A94C}.Release|Win32.ActiveCfg = Release|Win32
		{47EA66AF-EDF0-4C76-988D-A8BA6CD4A94C}.Release|Win32.Build.0 = Release|Win32
		{8EA4E4B0-AF2E-4CE7-8426-35D479102389}.Debug|Win32.ActiveCfg = Debug|Win32
		{8EA4E4B0-AF2E-4CE7-8426-35D479102389}.Debug|Win32.Build.0 = Debug|Win32
		{8EA4E4B0-AF2E-4CE7-8426-35D479102389}.Release|Win32.ActiveCfg = Release|Win32
		{8EA4E4B0-AF2E-4CE7-8426-35D479102389}.Release|Win32.Build.0 = Release|Win32
		{A4AB7382-2627-4C92-9F52-44ECD723880B}.Debug|Win32.ActiveCfg = Debug|Win32
		{A4AB7382-2627-4C92-9F52-44ECD723880B}.Debug|Win32.Build.0 = Debug|Win32
		{A4AB7382-2627-4C92-9F52-44ECD723880B}.Release|Win32.ActiveCfg = Release|Win32
		{A4AB7382-2627-4C92-9F52-44ECD723880B}.Release|Win32.Build.0 = Release|Win32
		{A0282E39-682D-462D-9CD2-44F0A400E673}.Debug|Win32.ActiveCfg = Debug|Win32
		{A0282E39-682D-462D-9CD2-44F0A400E673}.Debug|Win32.Build.0 = Debug|Win32
		{A0282E39-682D-462D-9CD2-44F0A400E673}.Release|Win32.ActiveCfg = Release|Win32
		{A0282E39-682D-462D-9CD2-44F0A400E673}.Release|Win32.Build.0 = Release|Win32
		{3590F87A-267F-4C9E-A3EA-2DAFCCE6B355}.Debug|Win32.ActiveCfg = Debug|Win32
		{3590F87A-267F-4C9E-A3EA-2DAFCCE6B355}.Debug|Win32.Build.0 = Debug|Win32
		{3590F87A-267F-4C9E-A3EA-2DAFCCE6B355}.Release|Win32.ActiveCfg = Release|Win32
		{3590F87A-267F-4C9E-A3EA-2DAFCCE6B355}.Release|Win32.Build.0 = Release|Win32
		{53AD47D4-E5FE-4F9A-9214-93744D57ADE4}.Debug|Win32.ActiveCfg = Debug|Win32
		{53AD47D4-E5FE-4F9A-9214-93744D57ADE4}.Debug|Win32.Build.0 = Debug|Win32
		{53AD47D4-E5FE-4F9A-9214-93744D57ADE4}.Release|Win32.ActiveCfg = Release|Win32
		{53AD47D4-E5FE-4F9A-9214-93744D57ADE4}.Release|Win32.Build.0 = Release|Win32
		{4FD73A7C-47CB-4332-8FB8-32F7B57FA8F7}.Debug|Win32.ActiveCfg = Debug|Win32
		{4FD73A7C-47CB-4332-8FB8-32F7B57FA8F7}.Debug|Win32.Build.0 = Debug|Win32
		{4FD73A7C-47CB-4332-8FB8-32F7B57FA8F7}.Release|Win32.ActiveCfg = Release|Win32
		{4FD73A7C-47CB-4332-8FB8-32F7B57FA8F7}.Release|Win32.Build.0 = Release|Win32
	EndGlobalSection
	GlobalSection(SolutionProperties) = preSolution
		HideSolutionNode = FALSE
	EndGlobalSection
	GlobalSection(ExtensibilityGlobals) = postSolution
		SolutionGuid = {A7B913D2-61D7-4351-91B9-BE26D821DCEB}
	EndGlobalSection
EndGlobal
