<?xml version="1.0" encoding="utf-8"?>
<Project ToolsVersion="4.0" xmlns="http://schemas.microsoft.com/developer/msbuild/2003">
  <ItemGroup>
    <ClCompile Include="main.cpp" />
    <ClCompile Include="rando\shaman_shop.cpp" />
    <ClCompile Include="rando\transition_infos.cpp" />
    <ClCompile Include="rando\graphml.cpp" />
    <ClCompile Include="rando\rando.cpp" />
    <ClCompile Include="rando\menu_patcher.cpp" />
    <ClCompile Include="rando\item_rando.cpp" />
    <ClCompile Include="rando\idols_infos.cpp" />
    <ClCompile Include="rando\config\config.cpp" />
  </ItemGroup>
  <ItemGroup>
    <ClInclude Include="rando\rando.h" />
    <ClInclude Include="rando\menu_patcher.h" />
    <ClInclude Include="rando\item_rando.h" />
    <ClInclude Include="rando\config\config.h" />
  </ItemGroup>
  <ItemGroup>
    <Filter Include="cfg">
      <UniqueIdentifier>{75edabb2-a9ad-4a64-9e89-fbea13f761b5}</UniqueIdentifier>
    </Filter>
    <Filter Include="cfg\Randomizer">
      <UniqueIdentifier>{b73e8dd9-eee5-41ef-b87a-8e68cf37b9f3}</UniqueIdentifier>
    </Filter>
  </ItemGroup>
  <ItemGroup>
    <Text Include="cfg\Randomizer\config.ini">
      <Filter>cfg\Randomizer</Filter>
    </Text>
  </ItemGroup>
  <ItemGroup>
    <None Include="cfg\Randomizer\idols_infos.json">
      <Filter>cfg\Randomizer</Filter>
    </None>
    <None Include="cfg\Randomizer\transition_infos.json">
      <Filter>cfg\Randomizer</Filter>
    </None>
  </ItemGroup>
</Project>