<?xml version="1.0" encoding="utf-8"?>
<Project ToolsVersion="4.0" xmlns="http://schemas.microsoft.com/developer/msbuild/2003">
  <ItemGroup>
    <ClCompile Include="main.cpp" />
    <ClCompile Include="rando\shaman_shop.cpp" />
    <ClCompile Include="rando\transition_infos.cpp" />
    <ClCompile Include="rando\graphml.cpp" />
    <ClCompile Include="rando\rando.cpp" />
    <ClCompile Include="rando\menu_patcher.cpp" />
    <ClCompile Include="rando\item_rando.cpp" />
    <ClCompile Include="rando\idols_infos.cpp" />
  </ItemGroup>
  <ItemGroup>
    <ClInclude Include="rando\rando.h" />
    <ClInclude Include="rando\menu_patcher.h" />
    <ClInclude Include="rando\item_rando.h" />
  </ItemGroup>
</Project>