<?xml version="1.0" encoding="utf-8"?>
<Project ToolsVersion="4.0" xmlns="http://schemas.microsoft.com/developer/msbuild/2003">
  <ItemGroup>
    <ClCompile Include="ptle\check.cpp" />
    <ClCompile Include="ptle\levels\level_info.cpp" />
    <ClCompile Include="utils\log.cpp" />
    <ClCompile Include="ptle\types\types.cpp" />
    <ClCompile Include="gizmod\GizmodPlugin.cpp" />
    <ClCompile Include="gizmod\Gizmod.cpp" />
    <ClCompile Include="gizmod\Logger.cpp" />
    <ClCompile Include="gizmod\world\GizmodWorld.cpp" />
    <ClCompile Include="gizmod\shaman\ShamanShop.cpp" />
    <ClCompile Include="gizmod\event\ShamanPurchaseEvent.cpp" />
    <ClCompile Include="gizmod\event\CollectItemEvent.cpp" />
  </ItemGroup>
  <ItemGroup>
    <ClInclude Include="ptle\EICharacter.h" />
    <ClInclude Include="ptle\EIDynamicModel.h" />
    <ClInclude Include="ptle\EIGameInstance.h" />
    <ClInclude Include="ptle\EIHarry.h" />
    <ClInclude Include="ptle\EInstance.h" />
    <ClInclude Include="ptle\EIPlayer.h" />
    <ClInclude Include="ptle\EIProjectile.h" />
    <ClInclude Include="ptle\EIStaticModel.h" />
    <ClInclude Include="ptle\EStorable.h" />
    <ClInclude Include="ptle\levels\level_info.h" />
    <ClInclude Include="injector\gvm\gvm.hpp" />
    <ClInclude Include="injector\gvm\translator.hpp" />
    <ClInclude Include="injector\injector.hpp" />
    <ClInclude Include="injector\utility.hpp" />
    <ClInclude Include="ptle\math\Matrix4f.h" />
    <ClInclude Include="ptle\math\Vector3f.h" />
    <ClInclude Include="ptle\math\Vector4f.h" />
    <ClInclude Include="utils\log.h" />
    <ClInclude Include="ptle\EResource.h" />
    <ClInclude Include="ptle\ERModel.h" />
    <ClInclude Include="ptle\ERLevel.h" />
    <ClInclude Include="ptle\ERFont.h" />
    <ClInclude Include="ptle\ERDataset.h" />
    <ClInclude Include="ptle\ERShader.h" />
    <ClInclude Include="ptle\ERCharacter.h" />
    <ClInclude Include="ptle\ERParticleType.h" />
    <ClInclude Include="ptle\ERAnim.h" />
    <ClInclude Include="ptle\ERScript.h" />
    <ClInclude Include="ptle\EIBeast.h" />
    <ClInclude Include="ptle\EIShaman.h" />
    <ClInclude Include="ptle\EIExplorer.h" />
    <ClInclude Include="ptle\types\types.h" />
    <ClInclude Include="ptle\ERTexture.h" />
    <ClInclude Include="ptle\EITreasureIdol.h" />
    <ClInclude Include="ptle\EINative.h" />
    <ClInclude Include="ptle\EINPCBeast.h" />
    <ClInclude Include="ptle\EILight.h" />
    <ClInclude Include="ptle\EIPointLight.h" />
    <ClInclude Include="ptle\containers\TreeMap\TreeMap.h" />
    <ClInclude Include="ptle\EIUpdateRegion.h" />
    <ClInclude Include="utils\func.h" />
    <ClInclude Include="ptle\EIEffector.h" />
    <ClInclude Include="ptle\EScriptContext.h" />
    <ClInclude Include="ptle\EAnimController.h" />
    <ClInclude Include="ptle\EISnowBowler.h" />
    <ClInclude Include="ptle\EISnowScarab.h" />
    <ClInclude Include="ptle\EIMegaMonkeyChild.h" />
    <ClInclude Include="ptle\EIMegaMonkeyParent.h" />
    <ClInclude Include="ptle\EIBushNinja.h" />
    <ClInclude Include="ptle\EIPusca.h" />
    <ClInclude Include="ptle\EIPuscaMinion.h" />
    <ClInclude Include="ptle\EIHenchman.h" />
    <ClInclude Include="ptle\EIHowlerMonkey.h" />
    <ClInclude Include="ptle\EISupai.h" />
    <ClInclude Include="ptle\containers\Array\Array.h" />
    <ClInclude Include="ptle\math\AABB.h" />
    <ClInclude Include="ptle\EBeastStateMachine.h" />
    <ClInclude Include="ptle\EIStClair.h" />
    <ClInclude Include="ptle\containers\HashMap\HashMap.h" />
    <ClInclude Include="ptle\EIPlayerStart.h" />
    <ClInclude Include="ptle\EICamera.h" />
    <ClInclude Include="ptle\EICameraPit.h" />
    <ClInclude Include="ptle\EICameraFollow.h" />
    <ClInclude Include="ptle\EICameraBossPusca.h" />
    <ClInclude Include="ptle\EICameraLook.h" />
    <ClInclude Include="ptle\types\defs.h" />
    <ClInclude Include="ptle\EIPorcupine.h" />
    <ClInclude Include="ptle\EIEvilHarryMM.h" />
    <ClInclude Include="ptle\EIEvilHarryP.h" />
    <ClInclude Include="ptle\containers\LinkedList\LinkedList.h" />
    <ClInclude Include="ptle\EUIObjectNode.h" />
    <ClInclude Include="ptle\EUIIcon.h" />
    <ClInclude Include="ptle\EUITextIcon.h" />
    <ClInclude Include="gizmod\GizmodPlugin.h" />
    <ClInclude Include="gizmod\event\LoadLevelEvent.h" />
    <ClInclude Include="gizmod\event\Event.h" />
    <ClInclude Include="gizmod\event\EntitySpawnEvent.h" />
    <ClInclude Include="gizmod\Gizmod.h" />
    <ClInclude Include="gizmod\EventListener.h" />
    <ClInclude Include="gizmod\event\LevelLoadedEvent.h" />
    <ClInclude Include="gizmod\event\CollectIdolEvent.h" />
    <ClInclude Include="gizmod\event\CollectExplorerEvent.h" />
    <ClInclude Include="gizmod\Logger.h" />
    <ClInclude Include="gizmod\world\GizmodWorld.h" />
    <ClInclude Include="gizmod\types\Projectile.h" />
    <ClInclude Include="gizmod\shaman\ShamanShop.h" />
    <ClInclude Include="gizmod\event\ShamanPurchaseEvent.h" />
    <ClInclude Include="ptle\ESDInt.h" />
    <ClInclude Include="gizmod\event\CollectItemEvent.h" />
    <ClInclude Include="gizmod\item\InventoryItem.h" />
    <ClInclude Include="gizmod\item\ItemModelsCRC.h" />
  </ItemGroup>
  <ItemGroup>
    <None Include="gizmod\GizmodEvents.inl" />
    <None Include="gizmod\item\InventoryItem.inl" />
  </ItemGroup>
</Project>